
Microsoft Visual Studio Solution File, Format Version 12.00
# Visual Studio Version 16
VisualStudioVersion = 16.0.31729.503
MinimumVisualStudioVersion = 10.0.40219.1
Project("{FAE04EC0-301F-11D3-BF4B-00C04F79EFBC}") = "EntityFrameworkGiris", "EntityFrameworkGiris\EntityFrameworkGiris.csproj", "{1DEE2B96-F5F1-4D4C-A4BC-B3FF936D3789}"
EndProject
Project("{FAE04EC0-301F-11D3-BF4B-00C04F79EFBC}") = "EFDbTelefonRehberi", "EFDbTelefonRehberi\EFDbTelefonRehberi.csproj", "{D86E115C-4805-4624-9B5D-3E6A56C56F13}"
EndProject
Global
	GlobalSection(SolutionConfigurationPlatforms) = preSolution
		Debug|Any CPU = Debug|Any CPU
		Release|Any CPU = Release|Any CPU
	EndGlobalSection
	GlobalSection(ProjectConfigurationPlatforms) = postSolution
		{1DEE2B96-F5F1-4D4C-A4BC-B3FF936D3789}.Debug|Any CPU.ActiveCfg = Debug|Any CPU
		{1DEE2B96-F5F1-4D4C-A4BC-B3FF936D3789}.Debug|Any CPU.Build.0 = Debug|Any CPU
		{1DEE2B96-F5F1-4D4C-A4BC-B3FF936D3789}.Release|Any CPU.ActiveCfg = Release|Any CPU
		{1DEE2B96-F5F1-4D4C-A4BC-B3FF936D3789}.Release|Any CPU.Build.0 = Release|Any CPU
		{D86E115C-4805-4624-9B5D-3E6A56C56F13}.Debug|Any CPU.ActiveCfg = Debug|Any CPU
		{D86E115C-4805-4624-9B5D-3E6A56C56F13}.Debug|Any CPU.Build.0 = Debug|Any CPU
		{D86E115C-4805-4624-9B5D-3E6A56C56F13}.Release|Any CPU.ActiveCfg = Release|Any CPU
		{D86E115C-4805-4624-9B5D-3E6A56C56F13}.Release|Any CPU.Build.0 = Release|Any CPU
	EndGlobalSection
	GlobalSection(SolutionProperties) = preSolution
		HideSolutionNode = FALSE
	EndGlobalSection
	GlobalSection(ExtensibilityGlobals) = postSolution
		SolutionGuid = {2D341EEE-144A-4481-9670-CB3BD8898EE0}
	EndGlobalSection
EndGlobal
